{
  "version": 4,
  "terraform_version": "1.5.4",
  "serial": 64,
  "lineage": "10584269-c54f-47d8-8f88-89183973f64f",
  "outputs": {
    "app_id": {
      "value": "8c1d506f-988e-4b70-aa4e-ccdeff92c127",
      "type": "string",
      "sensitive": true
    },
    "instrumentation_key": {
      "value": "1663ca24-b4b4-495d-9936-f108db834731",
      "type": "string",
      "sensitive": true
    }
  },
  "resources": [
    {
      "mode": "data",
      "type": "azurerm_client_config",
      "name": "current",
      "provider": "provider[\"registry.terraform.io/hashicorp/azurerm\"]",
      "instances": [
        {
          "schema_version": 0,
          "attributes": {
            "client_id": "f094426d-02e7-42a9-a70d-60891f0b5d98",
            "id": "Y2xpZW50Q29uZmlncy9jbGllbnRJZD1mMDk0NDI2ZC0wMmU3LTQyYTktYTcwZC02MDg5MWYwYjVkOTg7b2JqZWN0SWQ9MjI0MGU2ZTMtY2E0ZS00YTJiLWE1MGUtOTMxZGM1YTg3ZDYyO3N1YnNjcmlwdGlvbklkPTRlMzE4ZDQ4LTU3NDEtNDhiYi1hODE3LTk5ZDY1ZGM3MjI3Zjt0ZW5hbnRJZD0zMGJmOWYzNy1kNTUwLTQ4NzgtOTQ5NC0xMDQxNjU2Y2FmMjc=",
            "object_id": "2240e6e3-ca4e-4a2b-a50e-931dc5a87d62",
            "subscription_id": "4e318d48-5741-48bb-a817-99d65dc7227f",
            "tenant_id": "30bf9f37-d550-4878-9494-1041656caf27",
            "timeouts": null
          },
          "sensitive_attributes": []
        }
      ]
    },
    {
      "mode": "managed",
      "type": "azurerm_app_service",
      "name": "app",
      "provider": "provider[\"registry.terraform.io/hashicorp/azurerm\"]",
      "instances": [
        {
          "schema_version": 0,
          "attributes": {
            "app_service_plan_id": "/subscriptions/4e318d48-5741-48bb-a817-99d65dc7227f/resourceGroups/snp-demo-rg/providers/Microsoft.Web/serverfarms/snp-demo-plan",
            "app_settings": {
              "APPINSIGHTS_INSTRUMENTATIONKEY": "1663ca24-b4b4-495d-9936-f108db834731"
            },
            "auth_settings": [
              {
                "active_directory": [],
                "additional_login_params": {},
                "allowed_external_redirect_urls": [],
                "default_provider": "",
                "enabled": false,
                "facebook": [],
                "google": [],
                "issuer": "",
                "microsoft": [],
                "runtime_version": "",
                "token_refresh_extension_hours": 0,
                "token_store_enabled": false,
                "twitter": [],
                "unauthenticated_client_action": ""
              }
            ],
            "backup": [],
            "client_affinity_enabled": false,
            "client_cert_enabled": false,
            "client_cert_mode": "Required",
            "connection_string": [],
            "custom_domain_verification_id": "BE73D2634F7DAF506FAA51F35F23A32F65FB68C83DFEF828CBA92B24A2FBEFF0",
            "default_site_hostname": "snp-demo-app.azurewebsites.net",
            "enabled": true,
            "https_only": false,
            "id": "/subscriptions/4e318d48-5741-48bb-a817-99d65dc7227f/resourceGroups/snp-demo-rg/providers/Microsoft.Web/sites/snp-demo-app",
            "identity": [],
            "key_vault_reference_identity_id": "SystemAssigned",
            "location": "eastus",
            "logs": [
              {
                "application_logs": [
                  {
                    "azure_blob_storage": [],
                    "file_system_level": "Off"
                  }
                ],
                "detailed_error_messages_enabled": false,
                "failed_request_tracing_enabled": false,
                "http_logs": [
                  {
                    "azure_blob_storage": [],
                    "file_system": []
                  }
                ]
              }
            ],
            "name": "snp-demo-app",
            "outbound_ip_address_list": [
              "52.188.45.143",
              "52.142.21.23",
              "52.149.203.151",
              "52.149.203.162",
              "52.149.203.170",
              "52.149.204.114",
              "20.49.104.54"
            ],
            "outbound_ip_addresses": "52.188.45.143,52.142.21.23,52.149.203.151,52.149.203.162,52.149.203.170,52.149.204.114,20.49.104.54",
            "possible_outbound_ip_address_list": [
              "52.188.45.143",
              "52.142.21.23",
              "52.149.203.151",
              "52.149.203.162",
              "52.149.203.170",
              "52.149.204.114",
              "52.149.204.125",
              "52.188.47.163",
              "52.149.204.241",
              "20.185.12.52",
              "52.147.213.53",
              "52.149.205.138",
              "52.149.206.143",
              "52.147.212.206",
              "52.149.207.119",
              "52.150.51.84",
              "52.150.52.144",
              "52.150.52.195",
              "52.150.52.212",
              "52.150.53.80",
              "52.150.53.189",
              "52.150.53.244",
              "52.150.54.60",
              "52.149.200.127",
              "52.154.65.85",
              "52.154.65.229",
              "20.42.35.174",
              "52.142.19.237",
              "52.147.215.226",
              "52.154.66.148",
              "20.49.104.54"
            ],
            "possible_outbound_ip_addresses": "52.188.45.143,52.142.21.23,52.149.203.151,52.149.203.162,52.149.203.170,52.149.204.114,52.149.204.125,52.188.47.163,52.149.204.241,20.185.12.52,52.147.213.53,52.149.205.138,52.149.206.143,52.147.212.206,52.149.207.119,52.150.51.84,52.150.52.144,52.150.52.195,52.150.52.212,52.150.53.80,52.150.53.189,52.150.53.244,52.150.54.60,52.149.200.127,52.154.65.85,52.154.65.229,20.42.35.174,52.142.19.237,52.147.215.226,52.154.66.148,20.49.104.54",
            "resource_group_name": "snp-demo-rg",
            "site_config": [
              {
                "acr_use_managed_identity_credentials": false,
                "acr_user_managed_identity_client_id": "",
                "always_on": false,
                "app_command_line": "",
                "auto_swap_slot_name": "",
                "cors": [],
                "default_documents": [
                  "Default.htm",
                  "Default.html",
                  "Default.asp",
                  "index.htm",
                  "index.html",
                  "iisstart.htm",
                  "default.aspx",
                  "index.php",
                  "hostingstart.html"
                ],
                "dotnet_framework_version": "v4.0",
                "ftps_state": "FtpsOnly",
                "health_check_path": "",
                "http2_enabled": false,
                "ip_restriction": [],
                "java_container": "",
                "java_container_version": "",
                "java_version": "",
                "linux_fx_version": "",
                "local_mysql_enabled": false,
                "managed_pipeline_mode": "Integrated",
                "min_tls_version": "1.2",
                "number_of_workers": 1,
                "php_version": "5.6",
                "python_version": "",
                "remote_debugging_enabled": false,
                "remote_debugging_version": "",
                "scm_ip_restriction": [],
                "scm_type": "None",
                "scm_use_main_ip_restriction": false,
                "use_32_bit_worker_process": true,
                "vnet_route_all_enabled": false,
                "websockets_enabled": false,
                "windows_fx_version": ""
              }
            ],
            "site_credential": [
              {
                "password": "7K1q0HlEAeYrBipEmNkWZh90oftyw31LvECPB1XoGFtGP5NQT16Zpw6gvqAz",
                "username": "$snp-demo-app"
              }
            ],
            "source_control": [
              {
                "branch": "main",
                "manual_integration": false,
                "repo_url": "",
                "rollback_enabled": false,
                "use_mercurial": false
              }
            ],
            "storage_account": [],
            "tags": {
              "App": "Dotnet",
              "Environment": "Demo",
              "Owner": "Sanjana"
            },
            "timeouts": null
          },
          "sensitive_attributes": [
            [
              {
                "type": "get_attr",
                "value": "app_settings"
              },
              {
                "type": "index",
                "value": {
                  "value": "APPINSIGHTS_INSTRUMENTATIONKEY",
                  "type": "string"
                }
              }
            ]
          ],
          "private": "eyJlMmJmYjczMC1lY2FhLTExZTYtOGY4OC0zNDM2M2JjN2M0YzAiOnsiY3JlYXRlIjoxODAwMDAwMDAwMDAwLCJkZWxldGUiOjE4MDAwMDAwMDAwMDAsInJlYWQiOjMwMDAwMDAwMDAwMCwidXBkYXRlIjoxODAwMDAwMDAwMDAwfX0=",
          "dependencies": [
            "azurerm_app_service_plan.plan",
            "azurerm_application_insights.appi",
            "azurerm_log_analytics_workspace.logs",
            "azurerm_resource_group.rg"
          ]
        }
      ]
    },
    {
      "mode": "managed",
      "type": "azurerm_app_service_plan",
      "name": "plan",
      "provider": "provider[\"registry.terraform.io/hashicorp/azurerm\"]",
      "instances": [
        {
          "schema_version": 0,
          "attributes": {
            "app_service_environment_id": "",
            "id": "/subscriptions/4e318d48-5741-48bb-a817-99d65dc7227f/resourceGroups/snp-demo-rg/providers/Microsoft.Web/serverfarms/snp-demo-plan",
            "is_xenon": false,
            "kind": "Windows",
            "location": "eastus",
            "maximum_elastic_worker_count": 1,
            "maximum_number_of_workers": 10,
            "name": "snp-demo-plan",
            "per_site_scaling": false,
            "reserved": false,
            "resource_group_name": "snp-demo-rg",
            "sku": [
              {
                "capacity": 1,
                "size": "S1",
                "tier": "Standard"
              }
            ],
            "tags": null,
            "timeouts": null,
            "zone_redundant": false
          },
          "sensitive_attributes": [],
          "private": "eyJlMmJmYjczMC1lY2FhLTExZTYtOGY4OC0zNDM2M2JjN2M0YzAiOnsiY3JlYXRlIjozNjAwMDAwMDAwMDAwLCJkZWxldGUiOjM2MDAwMDAwMDAwMDAsInJlYWQiOjMwMDAwMDAwMDAwMCwidXBkYXRlIjozNjAwMDAwMDAwMDAwfX0=",
          "dependencies": [
            "azurerm_resource_group.rg"
          ]
        }
      ]
    },
    {
      "mode": "managed",
      "type": "azurerm_app_service_slot",
      "name": "stage",
      "provider": "provider[\"registry.terraform.io/hashicorp/azurerm\"]",
      "instances": [
        {
          "schema_version": 0,
          "attributes": {
            "app_service_name": "snp-demo-app",
            "app_service_plan_id": "/subscriptions/4e318d48-5741-48bb-a817-99d65dc7227f/resourceGroups/snp-demo-rg/providers/Microsoft.Web/serverfarms/snp-demo-plan",
            "app_settings": {
              "WEBSITE_NODE_DEFAULT_VERSION": "6.9.1"
            },
            "auth_settings": [
              {
                "active_directory": [],
                "additional_login_params": {},
                "allowed_external_redirect_urls": [],
                "default_provider": "",
                "enabled": false,
                "facebook": [],
                "google": [],
                "issuer": "",
                "microsoft": [],
                "runtime_version": "",
                "token_refresh_extension_hours": 0,
                "token_store_enabled": false,
                "twitter": [],
                "unauthenticated_client_action": ""
              }
            ],
            "client_affinity_enabled": false,
            "connection_string": [],
            "default_site_hostname": "snp-demo-app-stage.azurewebsites.net",
            "enabled": true,
            "https_only": false,
            "id": "/subscriptions/4e318d48-5741-48bb-a817-99d65dc7227f/resourceGroups/snp-demo-rg/providers/Microsoft.Web/sites/snp-demo-app/slots/stage",
            "identity": [],
            "key_vault_reference_identity_id": "SystemAssigned",
            "location": "eastus",
            "logs": [
              {
                "application_logs": [
                  {
                    "azure_blob_storage": [],
                    "file_system_level": "Off"
                  }
                ],
                "detailed_error_messages_enabled": false,
                "failed_request_tracing_enabled": false,
                "http_logs": [
                  {
                    "azure_blob_storage": [],
                    "file_system": []
                  }
                ]
              }
            ],
            "name": "stage",
            "resource_group_name": "snp-demo-rg",
            "site_config": [
              {
                "acr_use_managed_identity_credentials": false,
                "acr_user_managed_identity_client_id": "",
                "always_on": false,
                "app_command_line": "",
                "auto_swap_slot_name": "",
                "cors": [],
                "default_documents": [
                  "Default.htm",
                  "Default.html",
                  "Default.asp",
                  "index.htm",
                  "index.html",
                  "iisstart.htm",
                  "default.aspx",
                  "index.php",
                  "hostingstart.html"
                ],
                "dotnet_framework_version": "v4.0",
                "ftps_state": "FtpsOnly",
                "health_check_path": "",
                "http2_enabled": false,
                "ip_restriction": [],
                "java_container": "",
                "java_container_version": "",
                "java_version": "",
                "linux_fx_version": "",
                "local_mysql_enabled": false,
                "managed_pipeline_mode": "Integrated",
                "min_tls_version": "1.2",
                "number_of_workers": 1,
                "php_version": "5.6",
                "python_version": "",
                "remote_debugging_enabled": false,
                "remote_debugging_version": "",
                "scm_ip_restriction": [],
                "scm_type": "None",
                "scm_use_main_ip_restriction": false,
                "use_32_bit_worker_process": true,
                "vnet_route_all_enabled": false,
                "websockets_enabled": false,
                "windows_fx_version": ""
              }
            ],
            "site_credential": [
              {
                "password": "oEPivrxho8ta7CzgDupxguL2JcbEddpJajq4vAa7PPyn6fif8qxkyfoauQ3e",
                "username": "$snp-demo-app__stage"
              }
            ],
            "storage_account": [],
            "tags": null,
            "timeouts": null
          },
          "sensitive_attributes": [],
          "private": "eyJlMmJmYjczMC1lY2FhLTExZTYtOGY4OC0zNDM2M2JjN2M0YzAiOnsiY3JlYXRlIjoxODAwMDAwMDAwMDAwLCJkZWxldGUiOjE4MDAwMDAwMDAwMDAsInJlYWQiOjMwMDAwMDAwMDAwMCwidXBkYXRlIjoxODAwMDAwMDAwMDAwfX0=",
          "dependencies": [
            "azurerm_app_service.app",
            "azurerm_app_service_plan.plan",
            "azurerm_application_insights.appi",
            "azurerm_log_analytics_workspace.logs",
            "azurerm_resource_group.rg"
          ]
        }
      ]
    },
    {
      "mode": "managed",
      "type": "azurerm_application_insights",
      "name": "appi",
      "provider": "provider[\"registry.terraform.io/hashicorp/azurerm\"]",
      "instances": [
        {
          "schema_version": 1,
          "attributes": {
            "app_id": "8c1d506f-988e-4b70-aa4e-ccdeff92c127",
            "application_type": "web",
            "connection_string": "InstrumentationKey=1663ca24-b4b4-495d-9936-f108db834731;IngestionEndpoint=https://eastus-8.in.applicationinsights.azure.com/;LiveEndpoint=https://eastus.livediagnostics.monitor.azure.com/",
            "daily_data_cap_in_gb": 100,
            "daily_data_cap_notifications_disabled": false,
            "disable_ip_masking": false,
            "force_customer_storage_for_profiler": false,
            "id": "/subscriptions/4e318d48-5741-48bb-a817-99d65dc7227f/resourceGroups/snp-demo-rg/providers/Microsoft.Insights/components/snp-demo-appi",
            "instrumentation_key": "1663ca24-b4b4-495d-9936-f108db834731",
            "internet_ingestion_enabled": true,
            "internet_query_enabled": true,
            "local_authentication_disabled": false,
            "location": "eastus",
            "name": "snp-demo-appi",
            "resource_group_name": "snp-demo-rg",
            "retention_in_days": 90,
            "sampling_percentage": 100,
            "tags": {
              "App": "Dotnet",
              "Environment": "Demo",
              "Owner": "Sanjana"
            },
            "timeouts": null,
            "workspace_id": "/subscriptions/4e318d48-5741-48bb-a817-99d65dc7227f/resourceGroups/snp-demo-rg/providers/Microsoft.OperationalInsights/workspaces/snp-demo-logs"
          },
          "sensitive_attributes": [],
          "private": "eyJlMmJmYjczMC1lY2FhLTExZTYtOGY4OC0zNDM2M2JjN2M0YzAiOnsiY3JlYXRlIjozNjAwMDAwMDAwMDAwLCJkZWxldGUiOjE4MDAwMDAwMDAwMDAsInJlYWQiOjMwMDAwMDAwMDAwMCwidXBkYXRlIjoxODAwMDAwMDAwMDAwfSwic2NoZW1hX3ZlcnNpb24iOiIxIn0=",
          "dependencies": [
            "azurerm_log_analytics_workspace.logs",
            "azurerm_resource_group.rg"
          ]
        }
      ]
    },
    {
      "mode": "managed",
      "type": "azurerm_log_analytics_workspace",
      "name": "logs",
      "provider": "provider[\"registry.terraform.io/hashicorp/azurerm\"]",
      "instances": [
        {
          "schema_version": 3,
          "attributes": {
            "allow_resource_only_permissions": true,
            "cmk_for_query_forced": false,
            "daily_quota_gb": -1,
            "id": "/subscriptions/4e318d48-5741-48bb-a817-99d65dc7227f/resourceGroups/snp-demo-rg/providers/Microsoft.OperationalInsights/workspaces/snp-demo-logs",
            "internet_ingestion_enabled": true,
            "internet_query_enabled": true,
            "local_authentication_disabled": false,
            "location": "eastus",
            "name": "snp-demo-logs",
            "primary_shared_key": "VbuIY1AAHzxNdjBYNxx+NWE05C9sX7MrAcbKNIA92fuxdBYwCqK3w9VUmlFzlz5Zvn/1SPohgnyTd4NB6adcsQ==",
            "reservation_capacity_in_gb_per_day": null,
            "resource_group_name": "snp-demo-rg",
            "retention_in_days": 30,
            "secondary_shared_key": "dFYJs7DXiGcP/WyKsy4rgbLAYIkifrZUFwg0aVXZinJCGKcX140yd2O3/02G6kdVxyxNOUAiIsI91a5EP50MtA==",
            "sku": "PerGB2018",
            "tags": {
              "App": "Dotnet",
              "Environment": "Demo",
              "Owner": "Sanjana"
            },
            "timeouts": null,
            "workspace_id": "c4aa3247-b796-4f4c-813b-0b1900b743fd"
          },
          "sensitive_attributes": [],
          "private": "eyJlMmJmYjczMC1lY2FhLTExZTYtOGY4OC0zNDM2M2JjN2M0YzAiOnsiY3JlYXRlIjoxODAwMDAwMDAwMDAwLCJkZWxldGUiOjE4MDAwMDAwMDAwMDAsInJlYWQiOjMwMDAwMDAwMDAwMCwidXBkYXRlIjoxODAwMDAwMDAwMDAwfSwic2NoZW1hX3ZlcnNpb24iOiIzIn0=",
          "dependencies": [
            "azurerm_resource_group.rg"
          ]
        }
      ]
    },
    {
      "mode": "managed",
      "type": "azurerm_resource_group",
      "name": "rg",
      "provider": "provider[\"registry.terraform.io/hashicorp/azurerm\"]",
      "instances": [
        {
          "schema_version": 0,
          "attributes": {
            "id": "/subscriptions/4e318d48-5741-48bb-a817-99d65dc7227f/resourceGroups/snp-demo-rg",
            "location": "eastus",
            "managed_by": "",
            "name": "snp-demo-rg",
            "tags": {
              "App": "Dotnet",
              "Environment": "Demo",
              "Owner": "Sanjana"
            },
            "timeouts": null
          },
          "sensitive_attributes": [],
          "private": "eyJlMmJmYjczMC1lY2FhLTExZTYtOGY4OC0zNDM2M2JjN2M0YzAiOnsiY3JlYXRlIjo1NDAwMDAwMDAwMDAwLCJkZWxldGUiOjU0MDAwMDAwMDAwMDAsInJlYWQiOjMwMDAwMDAwMDAwMCwidXBkYXRlIjo1NDAwMDAwMDAwMDAwfX0="
        }
      ]
    }
  ],
  "check_results": null
}
